lockfileVersion: '9.0'

settings:
  autoInstallPeers: true
  excludeLinksFromLockfile: false

importers:

  .:
    dependencies:
      '@types/commander':
        specifier: ^2.12.5
        version: 2.12.5
      '@types/inquirer':
        specifier: ^9.0.7
        version: 9.0.7
      '@types/jest':
        specifier: ^29.5.14
        version: 29.5.14
      '@types/node':
        specifier: ^22.10.1
        version: 22.10.1
      '@types/yargs':
        specifier: ^17.0.33
        version: 17.0.33
      axios:
        specifier: ^1.7.9
        version: 1.7.9
      commander:
        specifier: ^12.1.0
        version: 12.1.0
      inquirer:
        specifier: ^12.1.0
        version: 12.1.0(@types/node@22.10.1)
      ts-node:
        specifier: ^10.9.2
        version: 10.9.2(@types/node@22.10.1)(typescript@5.7.2)
      typescript:
        specifier: ^5.7.2
        version: 5.7.2
      yargs:
        specifier: ^17.7.2
        version: 17.7.2

packages:

  '@babel/code-frame@7.26.2':
    resolution: {integrity: sha512-RJlIHRueQgwWitWgF8OdFYGZX328Ax5BCemNGlqHfplnRT9ESi8JkFlvaVYbS+UubVY6dpv87Fs2u5M29iNFVQ==}
    engines: {node: '>=6.9.0'}

  '@babel/helper-validator-identifier@7.25.9':
    resolution: {integrity: sha512-Ed61U6XJc3CVRfkERJWDz4dJwKe7iLmmJsbOGu9wSloNSFttHV0I8g6UAgb7qnK5ly5bGLPd4oXZlxCdANBOWQ==}
    engines: {node: '>=6.9.0'}

  '@cspotcode/source-map-support@0.8.1':
    resolution: {integrity: sha512-IchNf6dN4tHoMFIn/7OE8LWZ19Y6q/67Bmf6vnGREv8RSbBVb9LPJxEcnwrcwX6ixSvaiGoomAUvu4YSxXrVgw==}
    engines: {node: '>=12'}

  '@inquirer/checkbox@4.0.2':
    resolution: {integrity: sha512-+gznPl8ip8P8HYHYecDtUtdsh1t2jvb+sWCD72GAiZ9m45RqwrLmReDaqdC0umQfamtFXVRoMVJ2/qINKGm9Tg==}
    engines: {node: '>=18'}
    peerDependencies:
      '@types/node': '>=18'

  '@inquirer/confirm@5.0.2':
    resolution: {integrity: sha512-KJLUHOaKnNCYzwVbryj3TNBxyZIrr56fR5N45v6K9IPrbT6B7DcudBMfylkV1A8PUdJE15mybkEQyp2/ZUpxUA==}
    engines: {node: '>=18'}
    peerDependencies:
      '@types/node': '>=18'

  '@inquirer/core@10.1.0':
    resolution: {integrity: sha512-I+ETk2AL+yAVbvuKx5AJpQmoaWhpiTFOg/UJb7ZkMAK4blmtG8ATh5ct+T/8xNld0CZG/2UhtkdMwpgvld92XQ==}
    engines: {node: '>=18'}

  '@inquirer/editor@4.1.0':
    resolution: {integrity: sha512-K1gGWsxEqO23tVdp5MT3H799OZ4ER1za7Dlc8F4um0W7lwSv0KGR/YyrUEyimj0g7dXZd8XknM/5QA2/Uy+TbA==}
    engines: {node: '>=18'}
    peerDependencies:
      '@types/node': '>=18'

  '@inquirer/expand@4.0.2':
    resolution: {integrity: sha512-WdgCX1cUtinz+syKyZdJomovULYlKUWZbVYZzhf+ZeeYf4htAQ3jLymoNs3koIAKfZZl3HUBb819ClCBfyznaw==}
    engines: {node: '>=18'}
    peerDependencies:
      '@types/node': '>=18'

  '@inquirer/figures@1.0.8':
    resolution: {integrity: sha512-tKd+jsmhq21AP1LhexC0pPwsCxEhGgAkg28byjJAd+xhmIs8LUX8JbUc3vBf3PhLxWiB5EvyBE5X7JSPAqMAqg==}
    engines: {node: '>=18'}

  '@inquirer/input@4.0.2':
    resolution: {integrity: sha512-yCLCraigU085EcdpIVEDgyfGv4vBiE4I+k1qRkc9C5dMjWF42ADMGy1RFU94+eZlz4YlkmFsiyHZy0W1wdhaNg==}
    engines: {node: '>=18'}
    peerDependencies:
      '@types/node': '>=18'

  '@inquirer/number@3.0.2':
    resolution: {integrity: sha512-MKQhYofdUNk7eqJtz52KvM1dH6R93OMrqHduXCvuefKrsiMjHiMwjc3NZw5Imm2nqY7gWd9xdhYrtcHMJQZUxA==}
    engines: {node: '>=18'}
    peerDependencies:
      '@types/node': '>=18'

  '@inquirer/password@4.0.2':
    resolution: {integrity: sha512-tQXGSu7IO07gsYlGy3VgXRVsbOWqFBMbqAUrJSc1PDTQQ5Qdm+QVwkP0OC0jnUZ62D19iPgXOMO+tnWG+HhjNQ==}
    engines: {node: '>=18'}
    peerDependencies:
      '@types/node': '>=18'

  '@inquirer/prompts@7.1.0':
    resolution: {integrity: sha512-5U/XiVRH2pp1X6gpNAjWOglMf38/Ys522ncEHIKT1voRUvSj/DQnR22OVxHnwu5S+rCFaUiPQ57JOtMFQayqYA==}
    engines: {node: '>=18'}
    peerDependencies:
      '@types/node': '>=18'

  '@inquirer/rawlist@4.0.2':
    resolution: {integrity: sha512-3XGcskMoVF8H0Dl1S5TSZ3rMPPBWXRcM0VeNVsS4ByWeWjSeb0lPqfnBg6N7T0608I1B2bSVnbi2cwCrmOD1Yw==}
    engines: {node: '>=18'}
    peerDependencies:
      '@types/node': '>=18'

  '@inquirer/search@3.0.2':
    resolution: {integrity: sha512-Zv4FC7w4dJ13BOJfKRQCICQfShinGjb1bCEIHxTSnjj2telu3+3RHwHubPG9HyD4aix5s+lyAMEK/wSFD75HLA==}
    engines: {node: '>=18'}
    peerDependencies:
      '@types/node': '>=18'

  '@inquirer/select@4.0.2':
    resolution: {integrity: sha512-uSWUzaSYAEj0hlzxa1mUB6VqrKaYx0QxGBLZzU4xWFxaSyGaXxsSE4OSOwdU24j0xl8OajgayqFXW0l2bkl2kg==}
    engines: {node: '>=18'}
    peerDependencies:
      '@types/node': '>=18'

  '@inquirer/type@3.0.1':
    resolution: {integrity: sha512-+ksJMIy92sOAiAccGpcKZUc3bYO07cADnscIxHBknEm3uNts3movSmBofc1908BNy5edKscxYeAdaX1NXkHS6A==}
    engines: {node: '>=18'}
    peerDependencies:
      '@types/node': '>=18'

  '@jest/expect-utils@29.7.0':
    resolution: {integrity: sha512-GlsNBWiFQFCVi9QVSx7f5AgMeLxe9YCCs5PuP2O2LdjDAA8Jh9eX7lA1Jq/xdXw3Wb3hyvlFNfZIfcRetSzYcA==}
    engines: {node: ^14.15.0 || ^16.10.0 || >=18.0.0}

  '@jest/schemas@29.6.3':
    resolution: {integrity: sha512-mo5j5X+jIZmJQveBKeS/clAueipV7KgiX1vMgCxam1RNYiqE1w62n0/tJJnHtjW8ZHcQco5gY85jA3mi0L+nSA==}
    engines: {node: ^14.15.0 || ^16.10.0 || >=18.0.0}

  '@jest/types@29.6.3':
    resolution: {integrity: sha512-u3UPsIilWKOM3F9CXtrG8LEJmNxwoCQC/XVj4IKYXvvpx7QIi/Kg1LI5uDmDpKlac62NUtX7eLjRh+jVZcLOzw==}
    engines: {node: ^14.15.0 || ^16.10.0 || >=18.0.0}

  '@jridgewell/resolve-uri@3.1.2':
    resolution: {integrity: sha512-bRISgCIjP20/tbWSPWMEi54QVPRZExkuD9lJL+UIxUKtwVJA8wW1Trb1jMs1RFXo1CBTNZ/5hpC9QvmKWdopKw==}
    engines: {node: '>=6.0.0'}

  '@jridgewell/sourcemap-codec@1.5.0':
    resolution: {integrity: sha512-gv3ZRaISU3fjPAgNsriBRqGWQL6quFx04YMPW/zD8XMLsU32mhCCbfbO6KZFLjvYpCZ8zyDEgqsgf+PwPaM7GQ==}

  '@jridgewell/trace-mapping@0.3.9':
    resolution: {integrity: sha512-3Belt6tdc8bPgAtbcmdtNJlirVoTmEb5e2gC94PnkwEW9jI6CAHUeoG85tjWP5WquqfavoMtMwiG4P926ZKKuQ==}

  '@sinclair/typebox@0.27.8':
    resolution: {integrity: sha512-+Fj43pSMwJs4KRrH/938Uf+uAELIgVBmQzg/q1YG10djyfA3TnrU8N8XzqCh/okZdszqBQTZf96idMfE5lnwTA==}

  '@tsconfig/node10@1.0.11':
    resolution: {integrity: sha512-DcRjDCujK/kCk/cUe8Xz8ZSpm8mS3mNNpta+jGCA6USEDfktlNvm1+IuZ9eTcDbNk41BHwpHHeW+N1lKCz4zOw==}

  '@tsconfig/node12@1.0.11':
    resolution: {integrity: sha512-cqefuRsh12pWyGsIoBKJA9luFu3mRxCA+ORZvA4ktLSzIuCUtWVxGIuXigEwO5/ywWFMZ2QEGKWvkZG1zDMTag==}

  '@tsconfig/node14@1.0.3':
    resolution: {integrity: sha512-ysT8mhdixWK6Hw3i1V2AeRqZ5WfXg1G43mqoYlM2nc6388Fq5jcXyr5mRsqViLx/GJYdoL0bfXD8nmF+Zn/Iow==}

  '@tsconfig/node16@1.0.4':
    resolution: {integrity: sha512-vxhUy4J8lyeyinH7Azl1pdd43GJhZH/tP2weN8TntQblOY+A0XbT8DJk1/oCPuOOyg/Ja757rG0CgHcWC8OfMA==}

  '@types/commander@2.12.5':
    resolution: {integrity: sha512-YXGZ/rz+s57VbzcvEV9fUoXeJlBt5HaKu5iUheiIWNsJs23bz6AnRuRiZBRVBLYyPnixNvVnuzM5pSaxr8Yp/g==}
    deprecated: This is a stub types definition. commander provides its own type definitions, so you do not need this installed.

  '@types/inquirer@9.0.7':
    resolution: {integrity: sha512-Q0zyBupO6NxGRZut/JdmqYKOnN95Eg5V8Csg3PGKkP+FnvsUZx1jAyK7fztIszxxMuoBA6E3KXWvdZVXIpx60g==}

  '@types/istanbul-lib-coverage@2.0.6':
    resolution: {integrity: sha512-2QF/t/auWm0lsy8XtKVPG19v3sSOQlJe/YHZgfjb/KBBHOGSV+J2q/S671rcq9uTBrLAXmZpqJiaQbMT+zNU1w==}

  '@types/istanbul-lib-report@3.0.3':
    resolution: {integrity: sha512-NQn7AHQnk/RSLOxrBbGyJM/aVQ+pjj5HCgasFxc0K/KhoATfQ/47AyUl15I2yBUpihjmas+a+VJBOqecrFH+uA==}

  '@types/istanbul-reports@3.0.4':
    resolution: {integrity: sha512-pk2B1NWalF9toCRu6gjBzR69syFjP4Od8WRAX+0mmf9lAjCRicLOWc+ZrxZHx/0XRjotgkF9t6iaMJ+aXcOdZQ==}

  '@types/jest@29.5.14':
    resolution: {integrity: sha512-ZN+4sdnLUbo8EVvVc2ao0GFW6oVrQRPn4K2lglySj7APvSrgzxHiNNK99us4WDMi57xxA2yggblIAMNhXOotLQ==}

  '@types/node@22.10.1':
    resolution: {integrity: sha512-qKgsUwfHZV2WCWLAnVP1JqnpE6Im6h3Y0+fYgMTasNQ7V++CBX5OT1as0g0f+OyubbFqhf6XVNIsmN4IIhEgGQ==}

  '@types/stack-utils@2.0.3':
    resolution: {integrity: sha512-9aEbYZ3TbYMznPdcdr3SmIrLXwC/AKZXQeCf9Pgao5CKb8CyHuEX5jzWPTkvregvhRJHcpRO6BFoGW9ycaOkYw==}

  '@types/through@0.0.33':
    resolution: {integrity: sha512-HsJ+z3QuETzP3cswwtzt2vEIiHBk/dCcHGhbmG5X3ecnwFD/lPrMpliGXxSCg03L9AhrdwA4Oz/qfspkDW+xGQ==}

  '@types/yargs-parser@21.0.3':
    resolution: {integrity: sha512-I4q9QU9MQv4oEOz4tAHJtNz1cwuLxn2F3xcc2iV5WdqLPpUnj30aUuxt1mAxYTG+oe8CZMV/+6rU4S4gRDzqtQ==}

  '@types/yargs@17.0.33':
    resolution: {integrity: sha512-WpxBCKWPLr4xSsHgz511rFJAM+wS28w2zEO1QDNY5zM/S8ok70NNfztH0xwhqKyaK0OHCbN98LDAZuy1ctxDkA==}

  acorn-walk@8.3.4:
    resolution: {integrity: sha512-ueEepnujpqee2o5aIYnvHU6C0A42MNdsIDeqy5BydrkuC5R1ZuUFnm27EeFJGoEHJQgn3uleRvmTXaJgfXbt4g==}
    engines: {node: '>=0.4.0'}

  acorn@8.14.0:
    resolution: {integrity: sha512-cl669nCJTZBsL97OF4kUQm5g5hC2uihk0NxY3WENAC0TYdILVkAyHymAntgxGkl7K+t0cXIrH5siy5S4XkFycA==}
    engines: {node: '>=0.4.0'}
    hasBin: true

  ansi-escapes@4.3.2:
    resolution: {integrity: sha512-gKXj5ALrKWQLsYG9jlTRmR/xKluxHV+Z9QEwNIgCfM1/uwPMCuzVVnh5mwTd+OuBZcwSIMbqssNWRm1lE51QaQ==}
    engines: {node: '>=8'}

  ansi-regex@5.0.1:
    resolution: {integrity: sha512-quJQXlTSUGL2LH9SUXo8VwsY4soanhgo6LNSm84E1LBcE8s3O0wpdiRzyR9z/ZZJMlMWv37qOOb9pdJlMUEKFQ==}
    engines: {node: '>=8'}

  ansi-styles@4.3.0:
    resolution: {integrity: sha512-zbB9rCJAT1rbjiVDb2hqKFHNYLxgtk8NURxZ3IZwD3F6NtxbXZQCnnSi1Lkx+IDohdPlFp222wVALIheZJQSEg==}
    engines: {node: '>=8'}

  ansi-styles@5.2.0:
    resolution: {integrity: sha512-Cxwpt2SfTzTtXcfOlzGEee8O+c+MmUgGrNiBcXnuWxuFJHe6a5Hz7qwhwe5OgaSYI0IJvkLqWX1ASG+cJOkEiA==}
    engines: {node: '>=10'}

  arg@4.1.3:
    resolution: {integrity: sha512-58S9QDqG0Xx27YwPSt9fJxivjYl432YCwfDMfZ+71RAqUrZef7LrKQZ3LHLOwCS4FLNBplP533Zx895SeOCHvA==}

  asynckit@0.4.0:
    resolution: {integrity: sha512-Oei9OH4tRh0YqU3GxhX79dM/mwVgvbZJaSNaRk+bshkj0S5cfHcgYakreBjrHwatXKbz+IoIdYLxrKim2MjW0Q==}

  axios@1.7.9:
    resolution: {integrity: sha512-LhLcE7Hbiryz8oMDdDptSrWowmB4Bl6RCt6sIJKpRB4XtVf0iEgewX3au/pJqm+Py1kCASkb/FFKjxQaLtxJvw==}

  braces@3.0.3:
    resolution: {integrity: sha512-yQbXgO/OSZVD2IsiLlro+7Hf6Q18EJrKSEsdoMzKePKXct3gvD8oLcOQdIzGupr5Fj+EDe8gO/lxc1BzfMpxvA==}
    engines: {node: '>=8'}

  chalk@4.1.2:
    resolution: {integrity: sha512-oKnbhFyRIXpUuez8iBMmyEa4nbj4IOQyuhc/wy9kY7/WVPcwIO9VA668Pu8RkO7+0G76SLROeyw9CpQ061i4mA==}
    engines: {node: '>=10'}

  chardet@0.7.0:
    resolution: {integrity: sha512-mT8iDcrh03qDGRRmoA2hmBJnxpllMR+0/0qlzjqZES6NdiWDcZkCNAk4rPFZ9Q85r27unkiNNg8ZOiwZXBHwcA==}

  ci-info@3.9.0:
    resolution: {integrity: sha512-NIxF55hv4nSqQswkAeiOi1r83xy8JldOFDTWiug55KBu9Jnblncd2U6ViHmYgHf01TPZS77NJBhBMKdWj9HQMQ==}
    engines: {node: '>=8'}

  cli-width@4.1.0:
    resolution: {integrity: sha512-ouuZd4/dm2Sw5Gmqy6bGyNNNe1qt9RpmxveLSO7KcgsTnU7RXfsw+/bukWGo1abgBiMAic068rclZsO4IWmmxQ==}
    engines: {node: '>= 12'}

  cliui@8.0.1:
    resolution: {integrity: sha512-BSeNnyus75C4//NQ9gQt1/csTXyo/8Sb+afLAkzAptFuMsod9HFokGNudZpi/oQV73hnVK+sR+5PVRMd+Dr7YQ==}
    engines: {node: '>=12'}

  color-convert@2.0.1:
    resolution: {integrity: sha512-RRECPsj7iu/xb5oKYcsFHSppFNnsj/52OVTRKb4zP5onXwVF3zVmmToNcOfGC+CRDpfK/U584fMg38ZHCaElKQ==}
    engines: {node: '>=7.0.0'}

  color-name@1.1.4:
    resolution: {integrity: sha512-dOy+3AuW3a2wNbZHIuMZpTcgjGuLU/uBL/ubcZF9OXbDo8ff4O8yVp5Bf0efS8uEoYo5q4Fx7dY9OgQGXgAsQA==}

  combined-stream@1.0.8:
    resolution: {integrity: sha512-FQN4MRfuJeHf7cBbBMJFXhKSDq+2kAArBlmRBvcvFE5BB1HZKXtSFASDhdlz9zOYwxh8lDdnvmMOe/+5cdoEdg==}
    engines: {node: '>= 0.8'}

  commander@12.1.0:
    resolution: {integrity: sha512-Vw8qHK3bZM9y/P10u3Vib8o/DdkvA2OtPtZvD871QKjy74Wj1WSKFILMPRPSdUSx5RFK1arlJzEtA4PkFgnbuA==}
    engines: {node: '>=18'}

  create-require@1.1.1:
    resolution: {integrity: sha512-dcKFX3jn0MpIaXjisoRvexIJVEKzaq7z2rZKxf+MSr9TkdmHmsU4m2lcLojrj/FHl8mk5VxMmYA+ftRkP/3oKQ==}

  delayed-stream@1.0.0:
    resolution: {integrity: sha512-ZySD7Nf91aLB0RxL4KGrKHBXl7Eds1DAmEdcoVawXnLD7SDhpNgtuII2aAkg7a7QS41jxPSZ17p4VdGnMHk3MQ==}
    engines: {node: '>=0.4.0'}

  diff-sequences@29.6.3:
    resolution: {integrity: sha512-EjePK1srD3P08o2j4f0ExnylqRs5B9tJjcp9t1krH2qRi8CCdsYfwe9JgSLurFBWwq4uOlipzfk5fHNvwFKr8Q==}
    engines: {node: ^14.15.0 || ^16.10.0 || >=18.0.0}

  diff@4.0.2:
    resolution: {integrity: sha512-58lmxKSA4BNyLz+HHMUzlOEpg09FV+ev6ZMe3vJihgdxzgcwZ8VoEEPmALCZG9LmqfVoNMMKpttIYTVG6uDY7A==}
    engines: {node: '>=0.3.1'}

  emoji-regex@8.0.0:
    resolution: {integrity: sha512-MSjYzcWNOA0ewAHpz0MxpYFvwg6yjy1NG3xteoqz644VCo/RPgnr1/GGt+ic3iJTzQ8Eu3TdM14SawnVUmGE6A==}

  escalade@3.2.0:
    resolution: {integrity: sha512-WUj2qlxaQtO4g6Pq5c29GTcWGDyd8itL8zTlipgECz3JesAiiOKotd8JU6otB3PACgG6xkJUyVhboMS+bje/jA==}
    engines: {node: '>=6'}

  escape-string-regexp@2.0.0:
    resolution: {integrity: sha512-UpzcLCXolUWcNu5HtVMHYdXJjArjsF9C0aNnquZYY4uW/Vu0miy5YoWvbV345HauVvcAUnpRuhMMcqTcGOY2+w==}
    engines: {node: '>=8'}

  expect@29.7.0:
    resolution: {integrity: sha512-2Zks0hf1VLFYI1kbh0I5jP3KHHyCHpkfyHBzsSXRFgl/Bg9mWYfMW8oD+PdMPlEwy5HNsR9JutYy6pMeOh61nw==}
    engines: {node: ^14.15.0 || ^16.10.0 || >=18.0.0}

  external-editor@3.1.0:
    resolution: {integrity: sha512-hMQ4CX1p1izmuLYyZqLMO/qGNw10wSv9QDCPfzXfyFrOaCSSoRfqE1Kf1s5an66J5JZC62NewG+mK49jOCtQew==}
    engines: {node: '>=4'}

  fill-range@7.1.1:
    resolution: {integrity: sha512-YsGpe3WHLK8ZYi4tWDg2Jy3ebRz2rXowDxnld4bkQB00cc/1Zw9AWnC0i9ztDJitivtQvaI9KaLyKrc+hBW0yg==}
    engines: {node: '>=8'}

  follow-redirects@1.15.9:
    resolution: {integrity: sha512-gew4GsXizNgdoRyqmyfMHyAmXsZDk6mHkSxZFCzW9gwlbtOW44CDtYavM+y+72qD/Vq2l550kMF52DT8fOLJqQ==}
    engines: {node: '>=4.0'}
    peerDependencies:
      debug: '*'
    peerDependenciesMeta:
      debug:
        optional: true

  form-data@4.0.1:
    resolution: {integrity: sha512-tzN8e4TX8+kkxGPK8D5u0FNmjPUjw3lwC9lSLxxoB/+GtsJG91CO8bSWy73APlgAZzZbXEYZJuxjkHH2w+Ezhw==}
    engines: {node: '>= 6'}

  get-caller-file@2.0.5:
    resolution: {integrity: sha512-DyFP3BM/3YHTQOCUL/w0OZHR0lpKeGrxotcHWcqNEdnltqFwXVfhEBQ94eIo34AfQpo0rGki4cyIiftY06h2Fg==}
    engines: {node: 6.* || 8.* || >= 10.*}

  graceful-fs@4.2.11:
    resolution: {integrity: sha512-RbJ5/jmFcNNCcDV5o9eTnBLJ/HszWV0P73bc+Ff4nS/rJj+YaS6IGyiOL0VoBYX+l1Wrl3k63h/KrH+nhJ0XvQ==}

  has-flag@4.0.0:
    resolution: {integrity: sha512-EykJT/Q1KjTWctppgIAgfSO0tKVuZUjhgMr17kqTumMl6Afv3EISleU7qZUzoXDFTAHTDC4NOoG/ZxU3EvlMPQ==}
    engines: {node: '>=8'}

  iconv-lite@0.4.24:
    resolution: {integrity: sha512-v3MXnZAcvnywkTUEZomIActle7RXXeedOR31wwl7VlyoXO4Qi9arvSenNQWne1TcRwhCL1HwLI21bEqdpj8/rA==}
    engines: {node: '>=0.10.0'}

  inquirer@12.1.0:
    resolution: {integrity: sha512-3/iexk64jn3EF0tjWYfOJi/DNWtcSSwg4ER67cnopO2xlCTUQjFCTMH9NBNQAMO/+dC3sEvKJtGJsqXnCkSsFg==}
    engines: {node: '>=18'}
    peerDependencies:
      '@types/node': '>=18'

  is-fullwidth-code-point@3.0.0:
    resolution: {integrity: sha512-zymm5+u+sCsSWyD9qNaejV3DFvhCKclKdizYaJUuHA83RLjb7nSuGnddCHGv0hk+KY7BMAlsWeK4Ueg6EV6XQg==}
    engines: {node: '>=8'}

  is-number@7.0.0:
    resolution: {integrity: sha512-41Cifkg6e8TylSpdtTpeLVMqvSBEVzTttHvERD741+pnZ8ANv0004MRL43QKPDlK9cGvNp6NZWZUBlbGXYxxng==}
    engines: {node: '>=0.12.0'}

  jest-diff@29.7.0:
    resolution: {integrity: sha512-LMIgiIrhigmPrs03JHpxUh2yISK3vLFPkAodPeo0+BuF7wA2FoQbkEg1u8gBYBThncu7e1oEDUfIXVuTqLRUjw==}
    engines: {node: ^14.15.0 || ^16.10.0 || >=18.0.0}

  jest-get-type@29.6.3:
    resolution: {integrity: sha512-zrteXnqYxfQh7l5FHyL38jL39di8H8rHoecLH3JNxH3BwOrBsNeabdap5e0I23lD4HHI8W5VFBZqG4Eaq5LNcw==}
    engines: {node: ^14.15.0 || ^16.10.0 || >=18.0.0}

  jest-matcher-utils@29.7.0:
    resolution: {integrity: sha512-sBkD+Xi9DtcChsI3L3u0+N0opgPYnCRPtGcQYrgXmR+hmt/fYfWAL0xRXYU8eWOdfuLgBe0YCW3AFtnRLagq/g==}
    engines: {node: ^14.15.0 || ^16.10.0 || >=18.0.0}

  jest-message-util@29.7.0:
    resolution: {integrity: sha512-GBEV4GRADeP+qtB2+6u61stea8mGcOT4mCtrYISZwfu9/ISHFJ/5zOMXYbpBE9RsS5+Gb63DW4FgmnKJ79Kf6w==}
    engines: {node: ^14.15.0 || ^16.10.0 || >=18.0.0}

  jest-util@29.7.0:
    resolution: {integrity: sha512-z6EbKajIpqGKU56y5KBUgy1dt1ihhQJgWzUlZHArA/+X2ad7Cb5iF+AK1EWVL/Bo7Rz9uurpqw6SiBCefUbCGA==}
    engines: {node: ^14.15.0 || ^16.10.0 || >=18.0.0}

  js-tokens@4.0.0:
    resolution: {integrity: sha512-RdJUflcE3cUzKiMqQgsCu06FPu9UdIJO0beYbPhHN4k6apgJtifcoCtT9bcxOpYBtpD2kCM6Sbzg4CausW/PKQ==}

  make-error@1.3.6:
    resolution: {integrity: sha512-s8UhlNe7vPKomQhC1qFelMokr/Sc3AgNbso3n74mVPA5LTZwkB9NlXf4XPamLxJE8h0gh73rM94xvwRT2CVInw==}

  micromatch@4.0.8:
    resolution: {integrity: sha512-PXwfBhYu0hBCPw8Dn0E+WDYb7af3dSLVWKi3HGv84IdF4TyFoC0ysxFd0Goxw7nSv4T/PzEJQxsYsEiFCKo2BA==}
    engines: {node: '>=8.6'}

  mime-db@1.52.0:
    resolution: {integrity: sha512-sPU4uV7dYlvtWJxwwxHD0PuihVNiE7TyAbQ5SWxDCB9mUYvOgroQOwYQQOKPJ8CIbE+1ETVlOoK1UC2nU3gYvg==}
    engines: {node: '>= 0.6'}

  mime-types@2.1.35:
    resolution: {integrity: sha512-ZDY+bPm5zTTF+YpCrAU9nK0UgICYPT0QtT1NZWFv4s++TNkcgVaT0g6+4R2uI4MjQjzysHB1zxuWL50hzaeXiw==}
    engines: {node: '>= 0.6'}

  mute-stream@2.0.0:
    resolution: {integrity: sha512-WWdIxpyjEn+FhQJQQv9aQAYlHoNVdzIzUySNV1gHUPDSdZJ3yZn7pAAbQcV7B56Mvu881q9FZV+0Vx2xC44VWA==}
    engines: {node: ^18.17.0 || >=20.5.0}

  os-tmpdir@1.0.2:
    resolution: {integrity: sha512-D2FR03Vir7FIu45XBY20mTb+/ZSWB00sjU9jdQXt83gDrI4Ztz5Fs7/yy74g2N5SVQY4xY1qDr4rNddwYRVX0g==}
    engines: {node: '>=0.10.0'}

  picocolors@1.1.1:
    resolution: {integrity: sha512-xceH2snhtb5M9liqDsmEw56le376mTZkEX/jEb/RxNFyegNul7eNslCXP9FDj/Lcu0X8KEyMceP2ntpaHrDEVA==}

  picomatch@2.3.1:
    resolution: {integrity: sha512-JU3teHTNjmE2VCGFzuY8EXzCDVwEqB2a8fsIvwaStHhAWJEeVd1o1QD80CU6+ZdEXXSLbSsuLwJjkCBWqRQUVA==}
    engines: {node: '>=8.6'}

  pretty-format@29.7.0:
    resolution: {integrity: sha512-Pdlw/oPxN+aXdmM9R00JVC9WVFoCLTKJvDVLgmJ+qAffBMxsV85l/Lu7sNx4zSzPyoL2euImuEwHhOXdEgNFZQ==}
    engines: {node: ^14.15.0 || ^16.10.0 || >=18.0.0}

  proxy-from-env@1.1.0:
    resolution: {integrity: sha512-D+zkORCbA9f1tdWRK0RaCR3GPv50cMxcrz4X8k5LTSUD1Dkw47mKJEZQNunItRTkWwgtaUSo1RVFRIG9ZXiFYg==}

  react-is@18.3.1:
    resolution: {integrity: sha512-/LLMVyas0ljjAtoYiPqYiL8VWXzUUdThrmU5+n20DZv+a+ClRoevUzw5JxU+Ieh5/c87ytoTBV9G1FiKfNJdmg==}

  require-directory@2.1.1:
    resolution: {integrity: sha512-fGxEI7+wsG9xrvdjsrlmL22OMTTiHRwAMroiEeMgq8gzoLC/PQr7RsRDSTLUg/bZAZtF+TVIkHc6/4RIKrui+Q==}
    engines: {node: '>=0.10.0'}

  run-async@3.0.0:
    resolution: {integrity: sha512-540WwVDOMxA6dN6We19EcT9sc3hkXPw5mzRNGM3FkdN/vtE9NFvj5lFAPNwUDmJjXidm3v7TC1cTE7t17Ulm1Q==}
    engines: {node: '>=0.12.0'}

  rxjs@7.8.1:
    resolution: {integrity: sha512-AA3TVj+0A2iuIoQkWEK/tqFjBq2j+6PO6Y0zJcvzLAFhEFIO3HL0vls9hWLncZbAAbK0mar7oZ4V079I/qPMxg==}

  safer-buffer@2.1.2:
    resolution: {integrity: sha512-YZo3K82SD7Riyi0E1EQPojLz7kpepnSQI9IyPbHHg1XXXevb5dJI7tpyN2ADxGcQbHG7vcyRHk0cbwqcQriUtg==}

  signal-exit@4.1.0:
    resolution: {integrity: sha512-bzyZ1e88w9O1iNJbKnOlvYTrWPDl46O1bG0D3XInv+9tkPrxrN8jUUTiFlDkkmKWgn1M6CfIA13SuGqOa9Korw==}
    engines: {node: '>=14'}

  slash@3.0.0:
    resolution: {integrity: sha512-g9Q1haeby36OSStwb4ntCGGGaKsaVSjQ68fBxoQcutl5fS1vuY18H3wSt3jFyFtrkx+Kz0V1G85A4MyAdDMi2Q==}
    engines: {node: '>=8'}

  stack-utils@2.0.6:
    resolution: {integrity: sha512-XlkWvfIm6RmsWtNJx+uqtKLS8eqFbxUg0ZzLXqY0caEy9l7hruX8IpiDnjsLavoBgqCCR71TqWO8MaXYheJ3RQ==}
    engines: {node: '>=10'}

  string-width@4.2.3:
    resolution: {integrity: sha512-wKyQRQpjJ0sIp62ErSZdGsjMJWsap5oRNihHhu6G7JVO/9jIB6UyevL+tXuOqrng8j/cxKTWyWUwvSTriiZz/g==}
    engines: {node: '>=8'}

  strip-ansi@6.0.1:
    resolution: {integrity: sha512-Y38VPSHcqkFrCpFnQ9vuSXmquuv5oXOKpGeT6aGrr3o3Gc9AlVa6JBfUSOCnbxGGZF+/0ooI7KrPuUSztUdU5A==}
    engines: {node: '>=8'}

  supports-color@7.2.0:
    resolution: {integrity: sha512-qpCAvRl9stuOHveKsn7HncJRvv501qIacKzQlO/+Lwxc9+0q2wLyv4Dfvt80/DPn2pqOBsJdDiogXGR9+OvwRw==}
    engines: {node: '>=8'}

  tmp@0.0.33:
    resolution: {integrity: sha512-jRCJlojKnZ3addtTOjdIqoRuPEKBvNXcGYqzO6zWZX8KfKEpnGY5jfggJQ3EjKuu8D4bJRr0y+cYJFmYbImXGw==}
    engines: {node: '>=0.6.0'}

  to-regex-range@5.0.1:
    resolution: {integrity: sha512-65P7iz6X5yEr1cwcgvQxbbIw7Uk3gOy5dIdtZ4rDveLqhrdJP+Li/Hx6tyK0NEb+2GCyneCMJiGqrADCSNk8sQ==}
    engines: {node: '>=8.0'}

  ts-node@10.9.2:
    resolution: {integrity: sha512-f0FFpIdcHgn8zcPSbf1dRevwt047YMnaiJM3u2w2RewrB+fob/zePZcrOyQoLMMO7aBIddLcQIEK5dYjkLnGrQ==}
    hasBin: true
    peerDependencies:
      '@swc/core': '>=1.2.50'
      '@swc/wasm': '>=1.2.50'
      '@types/node': '*'
      typescript: '>=2.7'
    peerDependenciesMeta:
      '@swc/core':
        optional: true
      '@swc/wasm':
        optional: true

  tslib@2.8.1:
    resolution: {integrity: sha512-oJFu94HQb+KVduSUQL7wnpmqnfmLsOA/nAh6b6EH0wCEoK0/mPeXU6c3wKDV83MkOuHPRHtSXKKU99IBazS/2w==}

  type-fest@0.21.3:
    resolution: {integrity: sha512-t0rzBq87m3fVcduHDUFhKmyyX+9eo6WQjZvf51Ea/M0Q7+T374Jp1aUiyUl0GKxp8M/OETVHSDvmkyPgvX+X2w==}
    engines: {node: '>=10'}

  typescript@5.7.2:
    resolution: {integrity: sha512-i5t66RHxDvVN40HfDd1PsEThGNnlMCMT3jMUuoh9/0TaqWevNontacunWyN02LA9/fIbEWlcHZcgTKb9QoaLfg==}
    engines: {node: '>=14.17'}
    hasBin: true

  undici-types@6.20.0:
    resolution: {integrity: sha512-Ny6QZ2Nju20vw1SRHe3d9jVu6gJ+4e3+MMpqu7pqE5HT6WsTSlce++GQmK5UXS8mzV8DSYHrQH+Xrf2jVcuKNg==}

  v8-compile-cache-lib@3.0.1:
    resolution: {integrity: sha512-wa7YjyUGfNZngI/vtK0UHAN+lgDCxBPCylVXGp0zu59Fz5aiGtNXaq3DhIov063MorB+VfufLh3JlF2KdTK3xg==}

  wrap-ansi@6.2.0:
    resolution: {integrity: sha512-r6lPcBGxZXlIcymEu7InxDMhdW0KDxpLgoFLcguasxCaJ/SOIZwINatK9KY/tf+ZrlywOKU0UDj3ATXUBfxJXA==}
    engines: {node: '>=8'}

  wrap-ansi@7.0.0:
    resolution: {integrity: sha512-YVGIj2kamLSTxw6NsZjoBxfSwsn0ycdesmc4p+Q21c5zPuZ1pl+NfxVdxPtdHvmNVOQ6XSYG4AUtyt/Fi7D16Q==}
    engines: {node: '>=10'}

  y18n@5.0.8:
    resolution: {integrity: sha512-0pfFzegeDWJHJIAmTLRP2DwHjdF5s7jo9tuztdQxAhINCdvS+3nGINqPd00AphqJR/0LhANUS6/+7SCb98YOfA==}
    engines: {node: '>=10'}

  yargs-parser@21.1.1:
    resolution: {integrity: sha512-tVpsJW7DdjecAiFpbIB1e3qxIQsE6NoPc5/eTdrbbIC4h0LVsWhnoa3g+m2HclBIujHzsxZ4VJVA+GUuc2/LBw==}
    engines: {node: '>=12'}

  yargs@17.7.2:
    resolution: {integrity: sha512-7dSzzRQ++CKnNI/krKnYRV7JKKPUXMEh61soaHKg9mrWEhzFWhFnxPxGl+69cD1Ou63C13NUPCnmIcrvqCuM6w==}
    engines: {node: '>=12'}

  yn@3.1.1:
    resolution: {integrity: sha512-Ux4ygGWsu2c7isFWe8Yu1YluJmqVhxqK2cLXNQA5AcC3QfbGNpM7fu0Y8b/z16pXLnFxZYvWhd3fhBY9DLmC6Q==}
    engines: {node: '>=6'}

  yoctocolors-cjs@2.1.2:
    resolution: {integrity: sha512-cYVsTjKl8b+FrnidjibDWskAv7UKOfcwaVZdp/it9n1s9fU3IkgDbhdIRKCW4JDsAlECJY0ytoVPT3sK6kideA==}
    engines: {node: '>=18'}

snapshots:

  '@babel/code-frame@7.26.2':
    dependencies:
      '@babel/helper-validator-identifier': 7.25.9
      js-tokens: 4.0.0
      picocolors: 1.1.1

  '@babel/helper-validator-identifier@7.25.9': {}

  '@cspotcode/source-map-support@0.8.1':
    dependencies:
      '@jridgewell/trace-mapping': 0.3.9

  '@inquirer/checkbox@4.0.2(@types/node@22.10.1)':
    dependencies:
      '@inquirer/core': 10.1.0(@types/node@22.10.1)
      '@inquirer/figures': 1.0.8
      '@inquirer/type': 3.0.1(@types/node@22.10.1)
      '@types/node': 22.10.1
      ansi-escapes: 4.3.2
      yoctocolors-cjs: 2.1.2

  '@inquirer/confirm@5.0.2(@types/node@22.10.1)':
    dependencies:
      '@inquirer/core': 10.1.0(@types/node@22.10.1)
      '@inquirer/type': 3.0.1(@types/node@22.10.1)
      '@types/node': 22.10.1

  '@inquirer/core@10.1.0(@types/node@22.10.1)':
    dependencies:
      '@inquirer/figures': 1.0.8
      '@inquirer/type': 3.0.1(@types/node@22.10.1)
      ansi-escapes: 4.3.2
      cli-width: 4.1.0
      mute-stream: 2.0.0
      signal-exit: 4.1.0
      strip-ansi: 6.0.1
      wrap-ansi: 6.2.0
      yoctocolors-cjs: 2.1.2
    transitivePeerDependencies:
      - '@types/node'

  '@inquirer/editor@4.1.0(@types/node@22.10.1)':
    dependencies:
      '@inquirer/core': 10.1.0(@types/node@22.10.1)
      '@inquirer/type': 3.0.1(@types/node@22.10.1)
      '@types/node': 22.10.1
      external-editor: 3.1.0

  '@inquirer/expand@4.0.2(@types/node@22.10.1)':
    dependencies:
      '@inquirer/core': 10.1.0(@types/node@22.10.1)
      '@inquirer/type': 3.0.1(@types/node@22.10.1)
      '@types/node': 22.10.1
      yoctocolors-cjs: 2.1.2

  '@inquirer/figures@1.0.8': {}

  '@inquirer/input@4.0.2(@types/node@22.10.1)':
    dependencies:
      '@inquirer/core': 10.1.0(@types/node@22.10.1)
      '@inquirer/type': 3.0.1(@types/node@22.10.1)
      '@types/node': 22.10.1

  '@inquirer/number@3.0.2(@types/node@22.10.1)':
    dependencies:
      '@inquirer/core': 10.1.0(@types/node@22.10.1)
      '@inquirer/type': 3.0.1(@types/node@22.10.1)
      '@types/node': 22.10.1

  '@inquirer/password@4.0.2(@types/node@22.10.1)':
    dependencies:
      '@inquirer/core': 10.1.0(@types/node@22.10.1)
      '@inquirer/type': 3.0.1(@types/node@22.10.1)
      '@types/node': 22.10.1
      ansi-escapes: 4.3.2

  '@inquirer/prompts@7.1.0(@types/node@22.10.1)':
    dependencies:
      '@inquirer/checkbox': 4.0.2(@types/node@22.10.1)
      '@inquirer/confirm': 5.0.2(@types/node@22.10.1)
      '@inquirer/editor': 4.1.0(@types/node@22.10.1)
      '@inquirer/expand': 4.0.2(@types/node@22.10.1)
      '@inquirer/input': 4.0.2(@types/node@22.10.1)
      '@inquirer/number': 3.0.2(@types/node@22.10.1)
      '@inquirer/password': 4.0.2(@types/node@22.10.1)
      '@inquirer/rawlist': 4.0.2(@types/node@22.10.1)
      '@inquirer/search': 3.0.2(@types/node@22.10.1)
      '@inquirer/select': 4.0.2(@types/node@22.10.1)
      '@types/node': 22.10.1

  '@inquirer/rawlist@4.0.2(@types/node@22.10.1)':
    dependencies:
      '@inquirer/core': 10.1.0(@types/node@22.10.1)
      '@inquirer/type': 3.0.1(@types/node@22.10.1)
      '@types/node': 22.10.1
      yoctocolors-cjs: 2.1.2

  '@inquirer/search@3.0.2(@types/node@22.10.1)':
    dependencies:
      '@inquirer/core': 10.1.0(@types/node@22.10.1)
      '@inquirer/figures': 1.0.8
      '@inquirer/type': 3.0.1(@types/node@22.10.1)
      '@types/node': 22.10.1
      yoctocolors-cjs: 2.1.2

  '@inquirer/select@4.0.2(@types/node@22.10.1)':
    dependencies:
      '@inquirer/core': 10.1.0(@types/node@22.10.1)
      '@inquirer/figures': 1.0.8
      '@inquirer/type': 3.0.1(@types/node@22.10.1)
      '@types/node': 22.10.1
      ansi-escapes: 4.3.2
      yoctocolors-cjs: 2.1.2

  '@inquirer/type@3.0.1(@types/node@22.10.1)':
    dependencies:
      '@types/node': 22.10.1

  '@jest/expect-utils@29.7.0':
    dependencies:
      jest-get-type: 29.6.3

  '@jest/schemas@29.6.3':
    dependencies:
      '@sinclair/typebox': 0.27.8

  '@jest/types@29.6.3':
    dependencies:
      '@jest/schemas': 29.6.3
      '@types/istanbul-lib-coverage': 2.0.6
      '@types/istanbul-reports': 3.0.4
      '@types/node': 22.10.1
      '@types/yargs': 17.0.33
      chalk: 4.1.2

  '@jridgewell/resolve-uri@3.1.2': {}

  '@jridgewell/sourcemap-codec@1.5.0': {}

  '@jridgewell/trace-mapping@0.3.9':
    dependencies:
      '@jridgewell/resolve-uri': 3.1.2
      '@jridgewell/sourcemap-codec': 1.5.0

  '@sinclair/typebox@0.27.8': {}

  '@tsconfig/node10@1.0.11': {}

  '@tsconfig/node12@1.0.11': {}

  '@tsconfig/node14@1.0.3': {}

  '@tsconfig/node16@1.0.4': {}

  '@types/commander@2.12.5':
    dependencies:
      commander: 12.1.0

  '@types/inquirer@9.0.7':
    dependencies:
      '@types/through': 0.0.33
      rxjs: 7.8.1

  '@types/istanbul-lib-coverage@2.0.6': {}

  '@types/istanbul-lib-report@3.0.3':
    dependencies:
      '@types/istanbul-lib-coverage': 2.0.6

  '@types/istanbul-reports@3.0.4':
    dependencies:
      '@types/istanbul-lib-report': 3.0.3

  '@types/jest@29.5.14':
    dependencies:
      expect: 29.7.0
      pretty-format: 29.7.0

  '@types/node@22.10.1':
    dependencies:
      undici-types: 6.20.0

  '@types/stack-utils@2.0.3': {}

  '@types/through@0.0.33':
    dependencies:
      '@types/node': 22.10.1

  '@types/yargs-parser@21.0.3': {}

  '@types/yargs@17.0.33':
    dependencies:
      '@types/yargs-parser': 21.0.3

  acorn-walk@8.3.4:
    dependencies:
      acorn: 8.14.0

  acorn@8.14.0: {}

  ansi-escapes@4.3.2:
    dependencies:
      type-fest: 0.21.3

  ansi-regex@5.0.1: {}

  ansi-styles@4.3.0:
    dependencies:
      color-convert: 2.0.1

  ansi-styles@5.2.0: {}

  arg@4.1.3: {}

  asynckit@0.4.0: {}

  axios@1.7.9:
    dependencies:
      follow-redirects: 1.15.9
      form-data: 4.0.1
      proxy-from-env: 1.1.0
    transitivePeerDependencies:
      - debug

  braces@3.0.3:
    dependencies:
      fill-range: 7.1.1

  chalk@4.1.2:
    dependencies:
      ansi-styles: 4.3.0
      supports-color: 7.2.0

  chardet@0.7.0: {}

  ci-info@3.9.0: {}

  cli-width@4.1.0: {}

  cliui@8.0.1:
    dependencies:
      string-width: 4.2.3
      strip-ansi: 6.0.1
      wrap-ansi: 7.0.0

  color-convert@2.0.1:
    dependencies:
      color-name: 1.1.4

  color-name@1.1.4: {}

  combined-stream@1.0.8:
    dependencies:
      delayed-stream: 1.0.0

  commander@12.1.0: {}

  create-require@1.1.1: {}

  delayed-stream@1.0.0: {}

  diff-sequences@29.6.3: {}

  diff@4.0.2: {}

  emoji-regex@8.0.0: {}

  escalade@3.2.0: {}

  escape-string-regexp@2.0.0: {}

  expect@29.7.0:
    dependencies:
      '@jest/expect-utils': 29.7.0
      jest-get-type: 29.6.3
      jest-matcher-utils: 29.7.0
      jest-message-util: 29.7.0
      jest-util: 29.7.0

  external-editor@3.1.0:
    dependencies:
      chardet: 0.7.0
      iconv-lite: 0.4.24
      tmp: 0.0.33

  fill-range@7.1.1:
    dependencies:
      to-regex-range: 5.0.1

  follow-redirects@1.15.9: {}

  form-data@4.0.1:
    dependencies:
      asynckit: 0.4.0
      combined-stream: 1.0.8
      mime-types: 2.1.35

  get-caller-file@2.0.5: {}

  graceful-fs@4.2.11: {}

  has-flag@4.0.0: {}

  iconv-lite@0.4.24:
    dependencies:
      safer-buffer: 2.1.2

  inquirer@12.1.0(@types/node@22.10.1):
    dependencies:
      '@inquirer/core': 10.1.0(@types/node@22.10.1)
      '@inquirer/prompts': 7.1.0(@types/node@22.10.1)
      '@inquirer/type': 3.0.1(@types/node@22.10.1)
      '@types/node': 22.10.1
      ansi-escapes: 4.3.2
      mute-stream: 2.0.0
      run-async: 3.0.0
      rxjs: 7.8.1

  is-fullwidth-code-point@3.0.0: {}

  is-number@7.0.0: {}

  jest-diff@29.7.0:
    dependencies:
      chalk: 4.1.2
      diff-sequences: 29.6.3
      jest-get-type: 29.6.3
      pretty-format: 29.7.0

  jest-get-type@29.6.3: {}

  jest-matcher-utils@29.7.0:
    dependencies:
      chalk: 4.1.2
      jest-diff: 29.7.0
      jest-get-type: 29.6.3
      pretty-format: 29.7.0

  jest-message-util@29.7.0:
    dependencies:
      '@babel/code-frame': 7.26.2
      '@jest/types': 29.6.3
      '@types/stack-utils': 2.0.3
      chalk: 4.1.2
      graceful-fs: 4.2.11
      micromatch: 4.0.8
      pretty-format: 29.7.0
      slash: 3.0.0
      stack-utils: 2.0.6

  jest-util@29.7.0:
    dependencies:
      '@jest/types': 29.6.3
      '@types/node': 22.10.1
      chalk: 4.1.2
      ci-info: 3.9.0
      graceful-fs: 4.2.11
      picomatch: 2.3.1

  js-tokens@4.0.0: {}

  make-error@1.3.6: {}

  micromatch@4.0.8:
    dependencies:
      braces: 3.0.3
      picomatch: 2.3.1

  mime-db@1.52.0: {}

  mime-types@2.1.35:
    dependencies:
      mime-db: 1.52.0

  mute-stream@2.0.0: {}

  os-tmpdir@1.0.2: {}

  picocolors@1.1.1: {}

  picomatch@2.3.1: {}

  pretty-format@29.7.0:
    dependencies:
      '@jest/schemas': 29.6.3
      ansi-styles: 5.2.0
      react-is: 18.3.1

  proxy-from-env@1.1.0: {}

  react-is@18.3.1: {}

  require-directory@2.1.1: {}

  run-async@3.0.0: {}

  rxjs@7.8.1:
    dependencies:
      tslib: 2.8.1

  safer-buffer@2.1.2: {}

  signal-exit@4.1.0: {}

  slash@3.0.0: {}

  stack-utils@2.0.6:
    dependencies:
      escape-string-regexp: 2.0.0

  string-width@4.2.3:
    dependencies:
      emoji-regex: 8.0.0
      is-fullwidth-code-point: 3.0.0
      strip-ansi: 6.0.1

  strip-ansi@6.0.1:
    dependencies:
      ansi-regex: 5.0.1

  supports-color@7.2.0:
    dependencies:
      has-flag: 4.0.0

  tmp@0.0.33:
    dependencies:
      os-tmpdir: 1.0.2

  to-regex-range@5.0.1:
    dependencies:
      is-number: 7.0.0

  ts-node@10.9.2(@types/node@22.10.1)(typescript@5.7.2):
    dependencies:
      '@cspotcode/source-map-support': 0.8.1
      '@tsconfig/node10': 1.0.11
      '@tsconfig/node12': 1.0.11
      '@tsconfig/node14': 1.0.3
      '@tsconfig/node16': 1.0.4
      '@types/node': 22.10.1
      acorn: 8.14.0
      acorn-walk: 8.3.4
      arg: 4.1.3
      create-require: 1.1.1
      diff: 4.0.2
      make-error: 1.3.6
      typescript: 5.7.2
      v8-compile-cache-lib: 3.0.1
      yn: 3.1.1

  tslib@2.8.1: {}

  type-fest@0.21.3: {}

  typescript@5.7.2: {}

  undici-types@6.20.0: {}

  v8-compile-cache-lib@3.0.1: {}

  wrap-ansi@6.2.0:
    dependencies:
      ansi-styles: 4.3.0
      string-width: 4.2.3
      strip-ansi: 6.0.1

  wrap-ansi@7.0.0:
    dependencies:
      ansi-styles: 4.3.0
      string-width: 4.2.3
      strip-ansi: 6.0.1

  y18n@5.0.8: {}

  yargs-parser@21.1.1: {}

  yargs@17.7.2:
    dependencies:
      cliui: 8.0.1
      escalade: 3.2.0
      get-caller-file: 2.0.5
      require-directory: 2.1.1
      string-width: 4.2.3
      y18n: 5.0.8
      yargs-parser: 21.1.1

  yn@3.1.1: {}

  yoctocolors-cjs@2.1.2: {}
